
Microsoft Visual Studio Solution File, Format Version 12.00
# Visual Studio Version 17
VisualStudioVersion = 17.3.32804.467
MinimumVisualStudioVersion = 10.0.40219.1
Project("{9A19103F-16F7-4668-BE54-9A1E7A4F7556}") = "LogicAndTrick.WikiCodeParser.UI", "LogicAndTrick.WikiCodeParser.UI\LogicAndTrick.WikiCodeParser.UI.csproj", "{CF203049-8E36-4C3D-B467-8BEBB7B0E482}"
EndProject
Project("{9A19103F-16F7-4668-BE54-9A1E7A4F7556}") = "LogicAndTrick.WikiCodeParser", "LogicAndTrick.WikiCodeParser\LogicAndTrick.WikiCodeParser.csproj", "{2817EC37-FA5B-499E-9266-646A2A38D7D6}"
EndProject
Project("{9A19103F-16F7-4668-BE54-9A1E7A4F7556}") = "LogicAndTrick.WikiCodeParser.Sandbox", "LogicAndTrick.WikiCodeParser.Sandbox\LogicAndTrick.WikiCodeParser.Sandbox.csproj", "{D652A10A-48C6-4EF2-9211-45421ED688BC}"
EndProject
Global
	GlobalSection(SolutionConfigurationPlatforms) = preSolution
		Debug|Any CPU = Debug|Any CPU
		Release|Any CPU = Release|Any CPU
	EndGlobalSection
	GlobalSection(ProjectConfigurationPlatforms) = postSolution
		{CF203049-8E36-4C3D-B467-8BEBB7B0E482}.Debug|Any CPU.ActiveCfg = Debug|Any CPU
		{CF203049-8E36-4C3D-B467-8BEBB7B0E482}.Debug|Any CPU.Build.0 = Debug|Any CPU
		{CF203049-8E36-4C3D-B467-8BEBB7B0E482}.Release|Any CPU.ActiveCfg = Release|Any CPU
		{CF203049-8E36-4C3D-B467-8BEBB7B0E482}.Release|Any CPU.Build.0 = Release|Any CPU
		{2817EC37-FA5B-499E-9266-646A2A38D7D6}.Debug|Any CPU.ActiveCfg = Debug|Any CPU
		{2817EC37-FA5B-499E-9266-646A2A38D7D6}.Debug|Any CPU.Build.0 = Debug|Any CPU
		{2817EC37-FA5B-499E-9266-646A2A38D7D6}.Release|Any CPU.ActiveCfg = Release|Any CPU
		{2817EC37-FA5B-499E-9266-646A2A38D7D6}.Release|Any CPU.Build.0 = Release|Any CPU
		{D652A10A-48C6-4EF2-9211-45421ED688BC}.Debug|Any CPU.ActiveCfg = Debug|Any CPU
		{D652A10A-48C6-4EF2-9211-45421ED688BC}.Debug|Any CPU.Build.0 = Debug|Any CPU
		{D652A10A-48C6-4EF2-9211-45421ED688BC}.Release|Any CPU.ActiveCfg = Release|Any CPU
		{D652A10A-48C6-4EF2-9211-45421ED688BC}.Release|Any CPU.Build.0 = Release|Any CPU
	EndGlobalSection
	GlobalSection(SolutionProperties) = preSolution
		HideSolutionNode = FALSE
	EndGlobalSection
	GlobalSection(ExtensibilityGlobals) = postSolution
		SolutionGuid = {2190C4BF-63B4-4839-89C9-23E6CC6F4CDA}
	EndGlobalSection
EndGlobal
