
Microsoft Visual Studio Solution File, Format Version 12.00
# Visual Studio Version 16
VisualStudioVersion = 16.0.31025.194
MinimumVisualStudioVersion = 10.0.40219.1
Project("{FAE04EC0-301F-11D3-BF4B-00C04F79EFBC}") = "WikiCodeParser", "WikiCodeParser\WikiCodeParser.csproj", "{720150F8-1BC3-4C31-8D86-602AA454BE77}"
EndProject
Global
	GlobalSection(SolutionConfigurationPlatforms) = preSolution
		Debug|Any CPU = Debug|Any CPU
		Release|Any CPU = Release|Any CPU
	EndGlobalSection
	GlobalSection(ProjectConfigurationPlatforms) = postSolution
		{720150F8-1BC3-4C31-8D86-602AA454BE77}.Debug|Any CPU.ActiveCfg = Debug|Any CPU
		{720150F8-1BC3-4C31-8D86-602AA454BE77}.Debug|Any CPU.Build.0 = Debug|Any CPU
		{720150F8-1BC3-4C31-8D86-602AA454BE77}.Release|Any CPU.ActiveCfg = Release|Any CPU
		{720150F8-1BC3-4C31-8D86-602AA454BE77}.Release|Any CPU.Build.0 = Release|Any CPU
	EndGlobalSection
	GlobalSection(SolutionProperties) = preSolution
		HideSolutionNode = FALSE
	EndGlobalSection
	GlobalSection(ExtensibilityGlobals) = postSolution
		SolutionGuid = {2190C4BF-63B4-4839-89C9-23E6CC6F4CDA}
	EndGlobalSection
EndGlobal
